
Microsoft Visual Studio Solution File, Format Version 12.00
# Visual Studio Version 17
VisualStudioVersion = 17.1.32328.378
MinimumVisualStudioVersion = 10.0.40219.1
Project("{FAE04EC0-301F-11D3-BF4B-00C04F79EFBC}") = "AnimalActions", "AnimalActions\AnimalActions.csproj", "{5A415638-FB95-4C21-B52B-8EEABD9B3DCF}"
EndProject
Global
	GlobalSection(SolutionConfigurationPlatforms) = preSolution
		Debug|Any CPU = Debug|Any CPU
		Release|Any CPU = Release|Any CPU
	EndGlobalSection
	GlobalSection(ProjectConfigurationPlatforms) = postSolution
		{5A415638-FB95-4C21-B52B-8EEABD9B3DCF}.Debug|Any CPU.ActiveCfg = Debug|Any CPU
		{5A415638-FB95-4C21-B52B-8EEABD9B3DCF}.Debug|Any CPU.Build.0 = Debug|Any CPU
		{5A415638-FB95-4C21-B52B-8EEABD9B3DCF}.Release|Any CPU.ActiveCfg = Release|Any CPU
		{5A415638-FB95-4C21-B52B-8EEABD9B3DCF}.Release|Any CPU.Build.0 = Release|Any CPU
	EndGlobalSection
	GlobalSection(SolutionProperties) = preSolution
		HideSolutionNode = FALSE
	EndGlobalSection
	GlobalSection(ExtensibilityGlobals) = postSolution
		SolutionGuid = {0265E8BE-AC39-40B9-9D67-8CCFE8C1C905}
	EndGlobalSection
EndGlobal
